// !$*UTF8*$!
{
	archiveVersion = 1;
	classes = {
	};
	objectVersion = 46;
	objects = {

/* Begin PBXBuildFile section */
		939BFEB51C9CEE2D00DA233C /* AppDelegate.swift in Sources */ = {isa = PBXBuildFile; fileRef = 939BFEB41C9CEE2D00DA233C /* AppDelegate.swift */; };
		939BFEB71C9CEE2D00DA233C /* Assets.xcassets in Resources */ = {isa = PBXBuildFile; fileRef = 939BFEB61C9CEE2D00DA233C /* Assets.xcassets */; };
		939BFEBA1C9CEE2D00DA233C /* MainMenu.xib in Resources */ = {isa = PBXBuildFile; fileRef = 939BFEB81C9CEE2D00DA233C /* MainMenu.xib */; };
		939BFEC51C9CEE2D00DA233C /* MasonTestAppTests.swift in Sources */ = {isa = PBXBuildFile; fileRef = 939BFEC41C9CEE2D00DA233C /* MasonTestAppTests.swift */; };
		939BFEDB1C9CF04600DA233C /* Task.swift in Sources */ = {isa = PBXBuildFile; fileRef = 939BFEDA1C9CF04600DA233C /* Task.swift */; };
		939BFEDC1C9CFE5A00DA233C /* Task.swift in Sources */ = {isa = PBXBuildFile; fileRef = 939BFEDA1C9CF04600DA233C /* Task.swift */; };
		939BFEDD1C9CFE5D00DA233C /* Keychain.swift in Sources */ = {isa = PBXBuildFile; fileRef = 939BFED61C9CEFF100DA233C /* Keychain.swift */; };
		939BFEDE1C9CFE5D00DA233C /* Keychain.swift in Sources */ = {isa = PBXBuildFile; fileRef = 939BFED61C9CEFF100DA233C /* Keychain.swift */; };
		939BFEDF1C9CFE6000DA233C /* Mason.swift in Sources */ = {isa = PBXBuildFile; fileRef = 939BFED71C9CEFF100DA233C /* Mason.swift */; };
		939BFEE01C9CFE6000DA233C /* Mason.swift in Sources */ = {isa = PBXBuildFile; fileRef = 939BFED71C9CEFF100DA233C /* Mason.swift */; };
		939BFEE21C9CFF5200DA233C /* Dummy.swift in Sources */ = {isa = PBXBuildFile; fileRef = 939BFEE11C9CFF5200DA233C /* Dummy.swift */; };
		939BFEEA1C9D011200DA233C /* main.swift in Sources */ = {isa = PBXBuildFile; fileRef = 939BFEE91C9D011200DA233C /* main.swift */; };
		939BFEEE1C9D013900DA233C /* Mason.swift in Sources */ = {isa = PBXBuildFile; fileRef = 939BFED71C9CEFF100DA233C /* Mason.swift */; };
		939BFEEF1C9D013C00DA233C /* Keychain.swift in Sources */ = {isa = PBXBuildFile; fileRef = 939BFED61C9CEFF100DA233C /* Keychain.swift */; };
		939BFEF01C9D014000DA233C /* Task.swift in Sources */ = {isa = PBXBuildFile; fileRef = 939BFEDA1C9CF04600DA233C /* Task.swift */; };
		939BFEF21C9D101500DA233C /* TaskTests.swift in Sources */ = {isa = PBXBuildFile; fileRef = 939BFEF11C9D101500DA233C /* TaskTests.swift */; };
/* End PBXBuildFile section */

/* Begin PBXContainerItemProxy section */
		939BFEC11C9CEE2D00DA233C /* PBXContainerItemProxy */ = {
			isa = PBXContainerItemProxy;
			containerPortal = 939BFEA91C9CEE2C00DA233C /* Project object */;
			proxyType = 1;
			remoteGlobalIDString = 939BFEB01C9CEE2C00DA233C;
			remoteInfo = MasonTestApp;
		};
/* End PBXContainerItemProxy section */

/* Begin PBXCopyFilesBuildPhase section */
		939BFEE51C9D011200DA233C /* CopyFiles */ = {
			isa = PBXCopyFilesBuildPhase;
			buildActionMask = 2147483647;
			dstPath = /usr/share/man/man1/;
			dstSubfolderSpec = 0;
			files = (
			);
			runOnlyForDeploymentPostprocessing = 1;
		};
/* End PBXCopyFilesBuildPhase section */

/* Begin PBXFileReference section */
		939BFEB11C9CEE2C00DA233C /* MasonTestApp.app */ = {isa = PBXFileReference; explicitFileType = wrapper.application; includeInIndex = 0; path = MasonTestApp.app; sourceTree = BUILT_PRODUCTS_DIR; };
		939BFEB41C9CEE2D00DA233C /* AppDelegate.swift */ = {isa = PBXFileReference; lastKnownFileType = sourcecode.swift; path = AppDelegate.swift; sourceTree = "<group>"; };
		939BFEB61C9CEE2D00DA233C /* Assets.xcassets */ = {isa = PBXFileReference; lastKnownFileType = folder.assetcatalog; path = Assets.xcassets; sourceTree = "<group>"; };
		939BFEB91C9CEE2D00DA233C /* Base */ = {isa = PBXFileReference; lastKnownFileType = file.xib; name = Base; path = Base.lproj/MainMenu.xib; sourceTree = "<group>"; };
		939BFEBB1C9CEE2D00DA233C /* Info.plist */ = {isa = PBXFileReference; lastKnownFileType = text.plist.xml; path = Info.plist; sourceTree = "<group>"; };
		939BFEC01C9CEE2D00DA233C /* MasonTestAppTests.xctest */ = {isa = PBXFileReference; explicitFileType = wrapper.cfbundle; includeInIndex = 0; path = MasonTestAppTests.xctest; sourceTree = BUILT_PRODUCTS_DIR; };
		939BFEC41C9CEE2D00DA233C /* MasonTestAppTests.swift */ = {isa = PBXFileReference; lastKnownFileType = sourcecode.swift; path = MasonTestAppTests.swift; sourceTree = "<group>"; };
		939BFEC61C9CEE2D00DA233C /* Info.plist */ = {isa = PBXFileReference; lastKnownFileType = text.plist.xml; path = Info.plist; sourceTree = "<group>"; };
		939BFED01C9CEEBA00DA233C /* Package.swift */ = {isa = PBXFileReference; lastKnownFileType = sourcecode.swift; path = Package.swift; sourceTree = "<group>"; };
		939BFED31C9CEFF100DA233C /* .gitignore */ = {isa = PBXFileReference; lastKnownFileType = text; path = .gitignore; sourceTree = "<group>"; };
		939BFED41C9CEFF100DA233C /* Package.swift */ = {isa = PBXFileReference; lastKnownFileType = sourcecode.swift; path = Package.swift; sourceTree = "<group>"; };
		939BFED61C9CEFF100DA233C /* Keychain.swift */ = {isa = PBXFileReference; lastKnownFileType = sourcecode.swift; path = Keychain.swift; sourceTree = "<group>"; };
		939BFED71C9CEFF100DA233C /* Mason.swift */ = {isa = PBXFileReference; lastKnownFileType = sourcecode.swift; path = Mason.swift; sourceTree = "<group>"; };
		939BFED91C9CEFF100DA233C /* KeychainTests.swift */ = {isa = PBXFileReference; lastKnownFileType = sourcecode.swift; path = KeychainTests.swift; sourceTree = "<group>"; };
		939BFEDA1C9CF04600DA233C /* Task.swift */ = {isa = PBXFileReference; fileEncoding = 4; lastKnownFileType = sourcecode.swift; path = Task.swift; sourceTree = "<group>"; };
		939BFEE11C9CFF5200DA233C /* Dummy.swift */ = {isa = PBXFileReference; fileEncoding = 4; lastKnownFileType = sourcecode.swift; path = Dummy.swift; sourceTree = "<group>"; };
		939BFEE71C9D011200DA233C /* MasonTestTool */ = {isa = PBXFileReference; explicitFileType = "compiled.mach-o.executable"; includeInIndex = 0; path = MasonTestTool; sourceTree = BUILT_PRODUCTS_DIR; };
		939BFEE91C9D011200DA233C /* main.swift */ = {isa = PBXFileReference; lastKnownFileType = sourcecode.swift; path = main.swift; sourceTree = "<group>"; };
		939BFEF11C9D101500DA233C /* TaskTests.swift */ = {isa = PBXFileReference; fileEncoding = 4; lastKnownFileType = sourcecode.swift; path = TaskTests.swift; sourceTree = "<group>"; };
/* End PBXFileReference section */

/* Begin PBXFrameworksBuildPhase section */
		939BFEAE1C9CEE2C00DA233C /* Frameworks */ = {
			isa = PBXFrameworksBuildPhase;
			buildActionMask = 2147483647;
			files = (
			);
			runOnlyForDeploymentPostprocessing = 0;
		};
		939BFEBD1C9CEE2D00DA233C /* Frameworks */ = {
			isa = PBXFrameworksBuildPhase;
			buildActionMask = 2147483647;
			files = (
			);
			runOnlyForDeploymentPostprocessing = 0;
		};
		939BFEE41C9D011200DA233C /* Frameworks */ = {
			isa = PBXFrameworksBuildPhase;
			buildActionMask = 2147483647;
			files = (
			);
			runOnlyForDeploymentPostprocessing = 0;
		};
/* End PBXFrameworksBuildPhase section */

/* Begin PBXGroup section */
		939BFEA81C9CEE2C00DA233C = {
			isa = PBXGroup;
			children = (
				939BFED01C9CEEBA00DA233C /* Package.swift */,
				939BFEE11C9CFF5200DA233C /* Dummy.swift */,
				939BFEB31C9CEE2C00DA233C /* MasonTestApp */,
				939BFEC31C9CEE2D00DA233C /* MasonTestAppTests */,
				939BFED11C9CEFF100DA233C /* Packages */,
				939BFEE81C9D011200DA233C /* MasonTestTool */,
				939BFEB21C9CEE2C00DA233C /* Products */,
			);
			sourceTree = "<group>";
		};
		939BFEB21C9CEE2C00DA233C /* Products */ = {
			isa = PBXGroup;
			children = (
				939BFEB11C9CEE2C00DA233C /* MasonTestApp.app */,
				939BFEC01C9CEE2D00DA233C /* MasonTestAppTests.xctest */,
				939BFEE71C9D011200DA233C /* MasonTestTool */,
			);
			name = Products;
			sourceTree = "<group>";
		};
		939BFEB31C9CEE2C00DA233C /* MasonTestApp */ = {
			isa = PBXGroup;
			children = (
				939BFEB41C9CEE2D00DA233C /* AppDelegate.swift */,
				939BFEB61C9CEE2D00DA233C /* Assets.xcassets */,
				939BFEB81C9CEE2D00DA233C /* MainMenu.xib */,
				939BFEBB1C9CEE2D00DA233C /* Info.plist */,
			);
			path = MasonTestApp;
			sourceTree = "<group>";
		};
		939BFEC31C9CEE2D00DA233C /* MasonTestAppTests */ = {
			isa = PBXGroup;
			children = (
				939BFEC41C9CEE2D00DA233C /* MasonTestAppTests.swift */,
				939BFEC61C9CEE2D00DA233C /* Info.plist */,
			);
			path = MasonTestAppTests;
			sourceTree = "<group>";
		};
		939BFED11C9CEFF100DA233C /* Packages */ = {
			isa = PBXGroup;
			children = (
				939BFED21C9CEFF100DA233C /* Mason-4.0.0 */,
			);
			path = Packages;
			sourceTree = "<group>";
		};
		939BFED21C9CEFF100DA233C /* Mason-4.0.0 */ = {
			isa = PBXGroup;
			children = (
				939BFED31C9CEFF100DA233C /* .gitignore */,
				939BFED41C9CEFF100DA233C /* Package.swift */,
				939BFED51C9CEFF100DA233C /* Sources */,
				939BFED81C9CEFF100DA233C /* Tests */,
			);
			path = "Mason-4.0.0";
			sourceTree = "<group>";
		};
		939BFED51C9CEFF100DA233C /* Sources */ = {
			isa = PBXGroup;
			children = (
				939BFED61C9CEFF100DA233C /* Keychain.swift */,
				939BFED71C9CEFF100DA233C /* Mason.swift */,
				939BFEDA1C9CF04600DA233C /* Task.swift */,
			);
			path = Sources;
			sourceTree = "<group>";
		};
		939BFED81C9CEFF100DA233C /* Tests */ = {
			isa = PBXGroup;
			children = (
				939BFED91C9CEFF100DA233C /* KeychainTests.swift */,
				939BFEF11C9D101500DA233C /* TaskTests.swift */,
			);
			path = Tests;
			sourceTree = "<group>";
		};
		939BFEE81C9D011200DA233C /* MasonTestTool */ = {
			isa = PBXGroup;
			children = (
				939BFEE91C9D011200DA233C /* main.swift */,
			);
			path = MasonTestTool;
			sourceTree = "<group>";
		};
/* End PBXGroup section */

/* Begin PBXNativeTarget section */
		939BFEB01C9CEE2C00DA233C /* MasonTestApp */ = {
			isa = PBXNativeTarget;
			buildConfigurationList = 939BFEC91C9CEE2D00DA233C /* Build configuration list for PBXNativeTarget "MasonTestApp" */;
			buildPhases = (
				939BFECF1C9CEE5800DA233C /* Run "swift build" to satisfy dependencies via the Swift Package Manager */,
				939BFEAD1C9CEE2C00DA233C /* Sources */,
				939BFEAE1C9CEE2C00DA233C /* Frameworks */,
				939BFEAF1C9CEE2C00DA233C /* Resources */,
			);
			buildRules = (
			);
			dependencies = (
			);
			name = MasonTestApp;
			productName = MasonTestApp;
			productReference = 939BFEB11C9CEE2C00DA233C /* MasonTestApp.app */;
			productType = "com.apple.product-type.application";
		};
		939BFEBF1C9CEE2D00DA233C /* MasonTestAppTests */ = {
			isa = PBXNativeTarget;
			buildConfigurationList = 939BFECC1C9CEE2D00DA233C /* Build configuration list for PBXNativeTarget "MasonTestAppTests" */;
			buildPhases = (
				939BFEBC1C9CEE2D00DA233C /* Sources */,
				939BFEBD1C9CEE2D00DA233C /* Frameworks */,
				939BFEBE1C9CEE2D00DA233C /* Resources */,
			);
			buildRules = (
			);
			dependencies = (
				939BFEC21C9CEE2D00DA233C /* PBXTargetDependency */,
			);
			name = MasonTestAppTests;
			productName = MasonTestAppTests;
			productReference = 939BFEC01C9CEE2D00DA233C /* MasonTestAppTests.xctest */;
			productType = "com.apple.product-type.bundle.unit-test";
		};
		939BFEE61C9D011200DA233C /* MasonTestTool */ = {
			isa = PBXNativeTarget;
			buildConfigurationList = 939BFEEB1C9D011200DA233C /* Build configuration list for PBXNativeTarget "MasonTestTool" */;
			buildPhases = (
				939BFEE31C9D011200DA233C /* Sources */,
				939BFEE41C9D011200DA233C /* Frameworks */,
				939BFEE51C9D011200DA233C /* CopyFiles */,
			);
			buildRules = (
			);
			dependencies = (
			);
			name = MasonTestTool;
			productName = MasonTestTool;
			productReference = 939BFEE71C9D011200DA233C /* MasonTestTool */;
			productType = "com.apple.product-type.tool";
		};
/* End PBXNativeTarget section */

/* Begin PBXProject section */
		939BFEA91C9CEE2C00DA233C /* Project object */ = {
			isa = PBXProject;
			attributes = {
				LastSwiftUpdateCheck = 0730;
				LastUpgradeCheck = 0730;
				ORGANIZATIONNAME = MASONMARK.COM;
				TargetAttributes = {
					939BFEB01C9CEE2C00DA233C = {
						CreatedOnToolsVersion = 7.3;
					};
					939BFEBF1C9CEE2D00DA233C = {
						CreatedOnToolsVersion = 7.3;
						TestTargetID = 939BFEB01C9CEE2C00DA233C;
					};
					939BFEE61C9D011200DA233C = {
						CreatedOnToolsVersion = 7.3;
					};
				};
			};
			buildConfigurationList = 939BFEAC1C9CEE2C00DA233C /* Build configuration list for PBXProject "MasonTestApp" */;
			compatibilityVersion = "Xcode 3.2";
			developmentRegion = English;
			hasScannedForEncodings = 0;
			knownRegions = (
				en,
				Base,
			);
			mainGroup = 939BFEA81C9CEE2C00DA233C;
			productRefGroup = 939BFEB21C9CEE2C00DA233C /* Products */;
			projectDirPath = "";
			projectRoot = "";
			targets = (
				939BFEB01C9CEE2C00DA233C /* MasonTestApp */,
				939BFEBF1C9CEE2D00DA233C /* MasonTestAppTests */,
				939BFEE61C9D011200DA233C /* MasonTestTool */,
			);
		};
/* End PBXProject section */

/* Begin PBXResourcesBuildPhase section */
		939BFEAF1C9CEE2C00DA233C /* Resources */ = {
			isa = PBXResourcesBuildPhase;
			buildActionMask = 2147483647;
			files = (
				939BFEB71C9CEE2D00DA233C /* Assets.xcassets in Resources */,
				939BFEBA1C9CEE2D00DA233C /* MainMenu.xib in Resources */,
			);
			runOnlyForDeploymentPostprocessing = 0;
		};
		939BFEBE1C9CEE2D00DA233C /* Resources */ = {
			isa = PBXResourcesBuildPhase;
			buildActionMask = 2147483647;
			files = (
			);
			runOnlyForDeploymentPostprocessing = 0;
		};
/* End PBXResourcesBuildPhase section */

/* Begin PBXShellScriptBuildPhase section */
		939BFECF1C9CEE5800DA233C /* Run "swift build" to satisfy dependencies via the Swift Package Manager */ = {
			isa = PBXShellScriptBuildPhase;
			buildActionMask = 2147483647;
			files = (
			);
			inputPaths = (
			);
			name = "Run \"swift build\" to satisfy dependencies via the Swift Package Manager";
			outputPaths = (
			);
			runOnlyForDeploymentPostprocessing = 0;
			shellPath = /bin/sh;
			shellScript = "echo \"--- ⚠︎ EXPERIMENTAL HACK ALERT\"\necho \"--- Attempting to run the pre-release Swift 3 'swift build' command\"\necho \"--- to (if necessary) automatically download dependencies. This\"\necho \"--- means you need the pre-release Swift 3 toolchain downloaded and\"\necho \"--- installed in such a way that the following command will work.\"\necho \"--- (This will undoubtedly break at some point in the future and\"\necho \"--- require some manual intervention to fix things. C'est la vie.)\"\necho \"--- \"\necho \"---     — Mason 2016-03-10\"\necho \"--- \"\necho \"--- Will now attempt to run this command:\"\necho \"--- \"\necho \"--- /Library/Developer/Toolchains/swift-latest.xctoolchain/usr/bin/swift build\"\n\n/Library/Developer/Toolchains/swift-latest.xctoolchain/usr/bin/swift build\n\n# Mason 2016-03-10: Note that we are not using that toolchain to build. We are using the default Xcode toolchain for that. We are just using the pre-release Swift 3 toolchain to get access to Swift Package Manager, which we are only using for its automatic dependency resolution. THIS IS ALL TOTALLY EXPERIMENTAL STILL BRO";
		};
/* End PBXShellScriptBuildPhase section */

/* Begin PBXSourcesBuildPhase section */
		939BFEAD1C9CEE2C00DA233C /* Sources */ = {
			isa = PBXSourcesBuildPhase;
			buildActionMask = 2147483647;
			files = (
				939BFEDF1C9CFE6000DA233C /* Mason.swift in Sources */,
				939BFEDB1C9CF04600DA233C /* Task.swift in Sources */,
				939BFEE21C9CFF5200DA233C /* Dummy.swift in Sources */,
				939BFEB51C9CEE2D00DA233C /* AppDelegate.swift in Sources */,
				939BFEDD1C9CFE5D00DA233C /* Keychain.swift in Sources */,
			);
			runOnlyForDeploymentPostprocessing = 0;
		};
		939BFEBC1C9CEE2D00DA233C /* Sources */ = {
			isa = PBXSourcesBuildPhase;
			buildActionMask = 2147483647;
			files = (
				939BFEF21C9D101500DA233C /* TaskTests.swift in Sources */,
				939BFEE01C9CFE6000DA233C /* Mason.swift in Sources */,
				939BFEDC1C9CFE5A00DA233C /* Task.swift in Sources */,
				939BFEC51C9CEE2D00DA233C /* MasonTestAppTests.swift in Sources */,
				939BFEDE1C9CFE5D00DA233C /* Keychain.swift in Sources */,
			);
			runOnlyForDeploymentPostprocessing = 0;
		};
		939BFEE31C9D011200DA233C /* Sources */ = {
			isa = PBXSourcesBuildPhase;
			buildActionMask = 2147483647;
			files = (
				939BFEF01C9D014000DA233C /* Task.swift in Sources */,
				939BFEEE1C9D013900DA233C /* Mason.swift in Sources */,
				939BFEEA1C9D011200DA233C /* main.swift in Sources */,
				939BFEEF1C9D013C00DA233C /* Keychain.swift in Sources */,
			);
			runOnlyForDeploymentPostprocessing = 0;
		};
/* End PBXSourcesBuildPhase section */

/* Begin PBXTargetDependency section */
		939BFEC21C9CEE2D00DA233C /* PBXTargetDependency */ = {
			isa = PBXTargetDependency;
			target = 939BFEB01C9CEE2C00DA233C /* MasonTestApp */;
			targetProxy = 939BFEC11C9CEE2D00DA233C /* PBXContainerItemProxy */;
		};
/* End PBXTargetDependency section */

/* Begin PBXVariantGroup section */
		939BFEB81C9CEE2D00DA233C /* MainMenu.xib */ = {
			isa = PBXVariantGroup;
			children = (
				939BFEB91C9CEE2D00DA233C /* Base */,
			);
			name = MainMenu.xib;
			sourceTree = "<group>";
		};
/* End PBXVariantGroup section */

/* Begin XCBuildConfiguration section */
		939BFEC71C9CEE2D00DA233C /* Debug */ = {
			isa = XCBuildConfiguration;
			buildSettings = {
				ALWAYS_SEARCH_USER_PATHS = NO;
				CLANG_ANALYZER_NONNULL = YES;
				CLANG_CXX_LANGUAGE_STANDARD = "gnu++0x";
				CLANG_CXX_LIBRARY = "libc++";
				CLANG_ENABLE_MODULES = YES;
				CLANG_ENABLE_OBJC_ARC = YES;
				CLANG_WARN_BOOL_CONVERSION = YES;
				CLANG_WARN_CONSTANT_CONVERSION = YES;
				CLANG_WARN_DIRECT_OBJC_ISA_USAGE = YES_ERROR;
				CLANG_WARN_EMPTY_BODY = YES;
				CLANG_WARN_ENUM_CONVERSION = YES;
				CLANG_WARN_INT_CONVERSION = YES;
				CLANG_WARN_OBJC_ROOT_CLASS = YES_ERROR;
				CLANG_WARN_UNREACHABLE_CODE = YES;
				CLANG_WARN__DUPLICATE_METHOD_MATCH = YES;
				CODE_SIGN_IDENTITY = "-";
				COPY_PHASE_STRIP = NO;
				DEBUG_INFORMATION_FORMAT = dwarf;
				ENABLE_STRICT_OBJC_MSGSEND = YES;
				ENABLE_TESTABILITY = YES;
				GCC_C_LANGUAGE_STANDARD = gnu99;
				GCC_DYNAMIC_NO_PIC = NO;
				GCC_NO_COMMON_BLOCKS = YES;
				GCC_OPTIMIZATION_LEVEL = 0;
				GCC_PREPROCESSOR_DEFINITIONS = (
					"DEBUG=1",
					"$(inherited)",
				);
				GCC_WARN_64_TO_32_BIT_CONVERSION = YES;
				GCC_WARN_ABOUT_RETURN_TYPE = YES_ERROR;
				GCC_WARN_UNDECLARED_SELECTOR = YES;
				GCC_WARN_UNINITIALIZED_AUTOS = YES_AGGRESSIVE;
				GCC_WARN_UNUSED_FUNCTION = YES;
				GCC_WARN_UNUSED_VARIABLE = YES;
				MACOSX_DEPLOYMENT_TARGET = 10.11;
				MTL_ENABLE_DEBUG_INFO = YES;
				ONLY_ACTIVE_ARCH = YES;
				SDKROOT = macosx;
				SWIFT_OPTIMIZATION_LEVEL = "-Onone";
			};
			name = Debug;
		};
		939BFEC81C9CEE2D00DA233C /* Release */ = {
			isa = XCBuildConfiguration;
			buildSettings = {
				ALWAYS_SEARCH_USER_PATHS = NO;
				CLANG_ANALYZER_NONNULL = YES;
				CLANG_CXX_LANGUAGE_STANDARD = "gnu++0x";
				CLANG_CXX_LIBRARY = "libc++";
				CLANG_ENABLE_MODULES = YES;
				CLANG_ENABLE_OBJC_ARC = YES;
				CLANG_WARN_BOOL_CONVERSION = YES;
				CLANG_WARN_CONSTANT_CONVERSION = YES;
				CLANG_WARN_DIRECT_OBJC_ISA_USAGE = YES_ERROR;
				CLANG_WARN_EMPTY_BODY = YES;
				CLANG_WARN_ENUM_CONVERSION = YES;
				CLANG_WARN_INT_CONVERSION = YES;
				CLANG_WARN_OBJC_ROOT_CLASS = YES_ERROR;
				CLANG_WARN_UNREACHABLE_CODE = YES;
				CLANG_WARN__DUPLICATE_METHOD_MATCH = YES;
				CODE_SIGN_IDENTITY = "-";
				COPY_PHASE_STRIP = NO;
				DEBUG_INFORMATION_FORMAT = "dwarf-with-dsym";
				ENABLE_NS_ASSERTIONS = NO;
				ENABLE_STRICT_OBJC_MSGSEND = YES;
				GCC_C_LANGUAGE_STANDARD = gnu99;
				GCC_NO_COMMON_BLOCKS = YES;
				GCC_WARN_64_TO_32_BIT_CONVERSION = YES;
				GCC_WARN_ABOUT_RETURN_TYPE = YES_ERROR;
				GCC_WARN_UNDECLARED_SELECTOR = YES;
				GCC_WARN_UNINITIALIZED_AUTOS = YES_AGGRESSIVE;
				GCC_WARN_UNUSED_FUNCTION = YES;
				GCC_WARN_UNUSED_VARIABLE = YES;
				MACOSX_DEPLOYMENT_TARGET = 10.11;
				MTL_ENABLE_DEBUG_INFO = NO;
				SDKROOT = macosx;
			};
			name = Release;
		};
		939BFECA1C9CEE2D00DA233C /* Debug */ = {
			isa = XCBuildConfiguration;
			buildSettings = {
				ASSETCATALOG_COMPILER_APPICON_NAME = AppIcon;
				COMBINE_HIDPI_IMAGES = YES;
				INFOPLIST_FILE = MasonTestApp/Info.plist;
				LD_RUNPATH_SEARCH_PATHS = "$(inherited) @executable_path/../Frameworks";
				PRODUCT_BUNDLE_IDENTIFIER = com.masonmark.MasonTestApp;
				PRODUCT_NAME = "$(TARGET_NAME)";
			};
			name = Debug;
		};
		939BFECB1C9CEE2D00DA233C /* Release */ = {
			isa = XCBuildConfiguration;
			buildSettings = {
				ASSETCATALOG_COMPILER_APPICON_NAME = AppIcon;
				COMBINE_HIDPI_IMAGES = YES;
				INFOPLIST_FILE = MasonTestApp/Info.plist;
				LD_RUNPATH_SEARCH_PATHS = "$(inherited) @executable_path/../Frameworks";
				PRODUCT_BUNDLE_IDENTIFIER = com.masonmark.MasonTestApp;
				PRODUCT_NAME = "$(TARGET_NAME)";
			};
			name = Release;
		};
		939BFECD1C9CEE2D00DA233C /* Debug */ = {
			isa = XCBuildConfiguration;
			buildSettings = {
				BUNDLE_LOADER = "$(TEST_HOST)";
				COMBINE_HIDPI_IMAGES = YES;
				INFOPLIST_FILE = MasonTestAppTests/Info.plist;
				LD_RUNPATH_SEARCH_PATHS = "$(inherited) @executable_path/../Frameworks @loader_path/../Frameworks";
				PRODUCT_BUNDLE_IDENTIFIER = com.masonmark.MasonTestAppTests;
				PRODUCT_NAME = "$(TARGET_NAME)";
				TEST_HOST = "$(BUILT_PRODUCTS_DIR)/MasonTestApp.app/Contents/MacOS/MasonTestApp";
			};
			name = Debug;
		};
		939BFECE1C9CEE2D00DA233C /* Release */ = {
			isa = XCBuildConfiguration;
			buildSettings = {
				BUNDLE_LOADER = "$(TEST_HOST)";
				COMBINE_HIDPI_IMAGES = YES;
				INFOPLIST_FILE = MasonTestAppTests/Info.plist;
				LD_RUNPATH_SEARCH_PATHS = "$(inherited) @executable_path/../Frameworks @loader_path/../Frameworks";
				PRODUCT_BUNDLE_IDENTIFIER = com.masonmark.MasonTestAppTests;
				PRODUCT_NAME = "$(TARGET_NAME)";
				TEST_HOST = "$(BUILT_PRODUCTS_DIR)/MasonTestApp.app/Contents/MacOS/MasonTestApp";
			};
			name = Release;
		};
		939BFEEC1C9D011200DA233C /* Debug */ = {
			isa = XCBuildConfiguration;
			buildSettings = {
				PRODUCT_NAME = "$(TARGET_NAME)";
			};
			name = Debug;
		};
		939BFEED1C9D011200DA233C /* Release */ = {
			isa = XCBuildConfiguration;
			buildSettings = {
				PRODUCT_NAME = "$(TARGET_NAME)";
			};
			name = Release;
		};
/* End XCBuildConfiguration section */

/* Begin XCConfigurationList section */
		939BFEAC1C9CEE2C00DA233C /* Build configuration list for PBXProject "MasonTestApp" */ = {
			isa = XCConfigurationList;
			buildConfigurations = (
				939BFEC71C9CEE2D00DA233C /* Debug */,
				939BFEC81C9CEE2D00DA233C /* Release */,
			);
			defaultConfigurationIsVisible = 0;
			defaultConfigurationName = Release;
		};
		939BFEC91C9CEE2D00DA233C /* Build configuration list for PBXNativeTarget "MasonTestApp" */ = {
			isa = XCConfigurationList;
			buildConfigurations = (
				939BFECA1C9CEE2D00DA233C /* Debug */,
				939BFECB1C9CEE2D00DA233C /* Release */,
			);
			defaultConfigurationIsVisible = 0;
			defaultConfigurationName = Release;
		};
		939BFECC1C9CEE2D00DA233C /* Build configuration list for PBXNativeTarget "MasonTestAppTests" */ = {
			isa = XCConfigurationList;
			buildConfigurations = (
				939BFECD1C9CEE2D00DA233C /* Debug */,
				939BFECE1C9CEE2D00DA233C /* Release */,
			);
			defaultConfigurationIsVisible = 0;
			defaultConfigurationName = Release;
		};
		939BFEEB1C9D011200DA233C /* Build configuration list for PBXNativeTarget "MasonTestTool" */ = {
			isa = XCConfigurationList;
			buildConfigurations = (
				939BFEEC1C9D011200DA233C /* Debug */,
				939BFEED1C9D011200DA233C /* Release */,
			);
			defaultConfigurationIsVisible = 0;
			defaultConfigurationName = Release;
		};
/* End XCConfigurationList section */
	};
	rootObject = 939BFEA91C9CEE2C00DA233C /* Project object */;
}
